
Microsoft Visual Studio Solution File, Format Version 12.00
# Visual Studio 15
VisualStudioVersion = 15.0.28307.329
MinimumVisualStudioVersion = 10.0.40219.1
Project("{2150E333-8FDC-42A3-9474-1A3956D46DE8}") = "CodeAnalyzer", "CodeAnalyzer", "{7D4C9C61-D508-4388-BC22-460999542991}"
EndProject
Project("{9A19103F-16F7-4668-BE54-9A1E7A4F7556}") = "CodeAnalyzer._Api", "CodeAnalyzer\CodeAnalyzer._Api\CodeAnalyzer._Api.csproj", "{5D265929-C8A6-4142-8E09-A241D2C71DE7}"
EndProject
Project("{9A19103F-16F7-4668-BE54-9A1E7A4F7556}") = "CodeAnalyzer._Impl", "CodeAnalyzer\CodeAnalyzer._Impl\CodeAnalyzer._Impl.csproj", "{CC074BED-1A49-48FA-9916-BF81DB170DE3}"
EndProject
Project("{2150E333-8FDC-42A3-9474-1A3956D46DE8}") = "Logging", "Logging", "{05E51B99-E5CE-420F-9E8E-ED39C9B387D4}"
EndProject
Project("{9A19103F-16F7-4668-BE54-9A1E7A4F7556}") = "Logging._Api", "Logging\Logging._Api\Logging._Api.csproj", "{81AA3285-85E0-4D02-86FA-64A564868393}"
EndProject
Project("{9A19103F-16F7-4668-BE54-9A1E7A4F7556}") = "Logging._Impl", "Logging\Logging._Impl\Logging._Impl.csproj", "{43F3F113-8993-440D-8B08-22193F19BA58}"
EndProject
Project("{2150E333-8FDC-42A3-9474-1A3956D46DE8}") = "PumlDiagramOutput", "PumlDiagramOutput", "{3757219F-E806-4DE3-9C19-10EFBAC0B6F1}"
EndProject
Project("{9A19103F-16F7-4668-BE54-9A1E7A4F7556}") = "SequenceDiagram._Api", "PumlDiagramOutput\SequenceDiagram._Api\SequenceDiagram._Api.csproj", "{D8966D97-8D0E-43D8-9C5A-3BD8F0EE0B03}"
EndProject
Project("{9A19103F-16F7-4668-BE54-9A1E7A4F7556}") = "SequenceDiagram._Impl", "PumlDiagramOutput\SequenceDiagram._Impl\SequenceDiagram._Impl.csproj", "{D2C66B4A-C631-41DB-9E8A-20BAE6A8B1E3}"
EndProject
Project("{9A19103F-16F7-4668-BE54-9A1E7A4F7556}") = "PumlSequenceDiagramTest", "Tests\PumlSequenceDiagramTest\PumlSequenceDiagramTest.csproj", "{D31B1690-A261-4204-AF56-6F7D7F07D89E}"
EndProject
Project("{2150E333-8FDC-42A3-9474-1A3956D46DE8}") = "Test", "Test", "{8E080439-90E3-4166-A33D-82A7655A0742}"
EndProject
Project("{9A19103F-16F7-4668-BE54-9A1E7A4F7556}") = "DemoProject", "Demo\DemoProject\DemoProject.csproj", "{F922DCAD-FFE1-4CE7-923A-46CD36AEC817}"
EndProject
Project("{2150E333-8FDC-42A3-9474-1A3956D46DE8}") = "UI", "UI", "{0A161CF2-8D6B-4C4F-AD07-E88E27053035}"
EndProject
Project("{9A19103F-16F7-4668-BE54-9A1E7A4F7556}") = "SeqDiagram", "UI\SeqDiagram\SeqDiagram.csproj", "{40B8E434-4FDA-4442-9FF3-2363C50088B3}"
EndProject
Project("{9A19103F-16F7-4668-BE54-9A1E7A4F7556}") = "WorkspaceAnalyzer._Impl", "CodeAnalyzer\SolutionAnalyzer._Impl\WorkspaceAnalyzer._Impl.csproj", "{87CC9924-C114-45C0-8B36-25FF0C09A2A3}"
EndProject
Project("{9A19103F-16F7-4668-BE54-9A1E7A4F7556}") = "DemoNet", "Demo\Demo.Net\DemoNet.csproj", "{DBCFB66A-F781-40A7-8F31-F9BD250872B9}"
EndProject
Project("{9A19103F-16F7-4668-BE54-9A1E7A4F7556}") = "WindowsWorkspaceAnalyzer", "CodeAnalyzer\WindowsWorkspaceAnalyzer\WindowsWorkspaceAnalyzer.csproj", "{D5699973-03F8-42CF-85E6-90E62CA953EC}"
EndProject
Project("{9A19103F-16F7-4668-BE54-9A1E7A4F7556}") = "WinSeqDiag", "UI\WinSeqDiag\WinSeqDiag.csproj", "{8F014011-8E9B-454F-942D-A0939CF9E07F}"
EndProject
Project("{FAE04EC0-301F-11D3-BF4B-00C04F79EFBC}") = "AcceptanceTest.Net472", "Tests\AcceptanceTest.Net472\AcceptanceTest.Net472.csproj", "{4A45A242-421E-4AEB-9AA5-909A6502B02E}"
	ProjectSection(ProjectDependencies) = postProject
		{DBCFB66A-F781-40A7-8F31-F9BD250872B9} = {DBCFB66A-F781-40A7-8F31-F9BD250872B9}
	EndProjectSection
EndProject
Project("{FAE04EC0-301F-11D3-BF4B-00C04F79EFBC}") = "AcceptanceTestNetCore", "Tests\AcceptanceTestNetCore\AcceptanceTestNetCore.csproj", "{D8200B98-1C7B-445C-9FCA-2AE1E9F81597}"
EndProject
Global
	GlobalSection(SolutionConfigurationPlatforms) = preSolution
		Debug|Any CPU = Debug|Any CPU
		Release|Any CPU = Release|Any CPU
	EndGlobalSection
	GlobalSection(ProjectConfigurationPlatforms) = postSolution
		{5D265929-C8A6-4142-8E09-A241D2C71DE7}.Debug|Any CPU.ActiveCfg = Debug|Any CPU
		{5D265929-C8A6-4142-8E09-A241D2C71DE7}.Debug|Any CPU.Build.0 = Debug|Any CPU
		{5D265929-C8A6-4142-8E09-A241D2C71DE7}.Release|Any CPU.ActiveCfg = Release|Any CPU
		{5D265929-C8A6-4142-8E09-A241D2C71DE7}.Release|Any CPU.Build.0 = Release|Any CPU
		{CC074BED-1A49-48FA-9916-BF81DB170DE3}.Debug|Any CPU.ActiveCfg = Debug|Any CPU
		{CC074BED-1A49-48FA-9916-BF81DB170DE3}.Debug|Any CPU.Build.0 = Debug|Any CPU
		{CC074BED-1A49-48FA-9916-BF81DB170DE3}.Release|Any CPU.ActiveCfg = Release|Any CPU
		{CC074BED-1A49-48FA-9916-BF81DB170DE3}.Release|Any CPU.Build.0 = Release|Any CPU
		{81AA3285-85E0-4D02-86FA-64A564868393}.Debug|Any CPU.ActiveCfg = Debug|Any CPU
		{81AA3285-85E0-4D02-86FA-64A564868393}.Debug|Any CPU.Build.0 = Debug|Any CPU
		{81AA3285-85E0-4D02-86FA-64A564868393}.Release|Any CPU.ActiveCfg = Release|Any CPU
		{81AA3285-85E0-4D02-86FA-64A564868393}.Release|Any CPU.Build.0 = Release|Any CPU
		{43F3F113-8993-440D-8B08-22193F19BA58}.Debug|Any CPU.ActiveCfg = Debug|Any CPU
		{43F3F113-8993-440D-8B08-22193F19BA58}.Debug|Any CPU.Build.0 = Debug|Any CPU
		{43F3F113-8993-440D-8B08-22193F19BA58}.Release|Any CPU.ActiveCfg = Release|Any CPU
		{43F3F113-8993-440D-8B08-22193F19BA58}.Release|Any CPU.Build.0 = Release|Any CPU
		{D8966D97-8D0E-43D8-9C5A-3BD8F0EE0B03}.Debug|Any CPU.ActiveCfg = Debug|Any CPU
		{D8966D97-8D0E-43D8-9C5A-3BD8F0EE0B03}.Debug|Any CPU.Build.0 = Debug|Any CPU
		{D8966D97-8D0E-43D8-9C5A-3BD8F0EE0B03}.Release|Any CPU.ActiveCfg = Release|Any CPU
		{D8966D97-8D0E-43D8-9C5A-3BD8F0EE0B03}.Release|Any CPU.Build.0 = Release|Any CPU
		{D2C66B4A-C631-41DB-9E8A-20BAE6A8B1E3}.Debug|Any CPU.ActiveCfg = Debug|Any CPU
		{D2C66B4A-C631-41DB-9E8A-20BAE6A8B1E3}.Debug|Any CPU.Build.0 = Debug|Any CPU
		{D2C66B4A-C631-41DB-9E8A-20BAE6A8B1E3}.Release|Any CPU.ActiveCfg = Release|Any CPU
		{D2C66B4A-C631-41DB-9E8A-20BAE6A8B1E3}.Release|Any CPU.Build.0 = Release|Any CPU
		{D31B1690-A261-4204-AF56-6F7D7F07D89E}.Debug|Any CPU.ActiveCfg = Debug|Any CPU
		{D31B1690-A261-4204-AF56-6F7D7F07D89E}.Debug|Any CPU.Build.0 = Debug|Any CPU
		{D31B1690-A261-4204-AF56-6F7D7F07D89E}.Release|Any CPU.ActiveCfg = Release|Any CPU
		{D31B1690-A261-4204-AF56-6F7D7F07D89E}.Release|Any CPU.Build.0 = Release|Any CPU
		{F922DCAD-FFE1-4CE7-923A-46CD36AEC817}.Debug|Any CPU.ActiveCfg = Debug|Any CPU
		{F922DCAD-FFE1-4CE7-923A-46CD36AEC817}.Debug|Any CPU.Build.0 = Debug|Any CPU
		{F922DCAD-FFE1-4CE7-923A-46CD36AEC817}.Release|Any CPU.ActiveCfg = Release|Any CPU
		{F922DCAD-FFE1-4CE7-923A-46CD36AEC817}.Release|Any CPU.Build.0 = Release|Any CPU
		{40B8E434-4FDA-4442-9FF3-2363C50088B3}.Debug|Any CPU.ActiveCfg = Debug|Any CPU
		{40B8E434-4FDA-4442-9FF3-2363C50088B3}.Debug|Any CPU.Build.0 = Debug|Any CPU
		{40B8E434-4FDA-4442-9FF3-2363C50088B3}.Release|Any CPU.ActiveCfg = Release|Any CPU
		{40B8E434-4FDA-4442-9FF3-2363C50088B3}.Release|Any CPU.Build.0 = Release|Any CPU
		{87CC9924-C114-45C0-8B36-25FF0C09A2A3}.Debug|Any CPU.ActiveCfg = Debug|Any CPU
		{87CC9924-C114-45C0-8B36-25FF0C09A2A3}.Debug|Any CPU.Build.0 = Debug|Any CPU
		{87CC9924-C114-45C0-8B36-25FF0C09A2A3}.Release|Any CPU.ActiveCfg = Release|Any CPU
		{87CC9924-C114-45C0-8B36-25FF0C09A2A3}.Release|Any CPU.Build.0 = Release|Any CPU
		{DBCFB66A-F781-40A7-8F31-F9BD250872B9}.Debug|Any CPU.ActiveCfg = Debug|Any CPU
		{DBCFB66A-F781-40A7-8F31-F9BD250872B9}.Debug|Any CPU.Build.0 = Debug|Any CPU
		{DBCFB66A-F781-40A7-8F31-F9BD250872B9}.Release|Any CPU.ActiveCfg = Release|Any CPU
		{DBCFB66A-F781-40A7-8F31-F9BD250872B9}.Release|Any CPU.Build.0 = Release|Any CPU
		{D5699973-03F8-42CF-85E6-90E62CA953EC}.Debug|Any CPU.ActiveCfg = Debug|Any CPU
		{D5699973-03F8-42CF-85E6-90E62CA953EC}.Debug|Any CPU.Build.0 = Debug|Any CPU
		{D5699973-03F8-42CF-85E6-90E62CA953EC}.Release|Any CPU.ActiveCfg = Release|Any CPU
		{D5699973-03F8-42CF-85E6-90E62CA953EC}.Release|Any CPU.Build.0 = Release|Any CPU
		{8F014011-8E9B-454F-942D-A0939CF9E07F}.Debug|Any CPU.ActiveCfg = Debug|Any CPU
		{8F014011-8E9B-454F-942D-A0939CF9E07F}.Debug|Any CPU.Build.0 = Debug|Any CPU
		{8F014011-8E9B-454F-942D-A0939CF9E07F}.Release|Any CPU.ActiveCfg = Release|Any CPU
		{8F014011-8E9B-454F-942D-A0939CF9E07F}.Release|Any CPU.Build.0 = Release|Any CPU
		{4A45A242-421E-4AEB-9AA5-909A6502B02E}.Debug|Any CPU.ActiveCfg = Debug|Any CPU
		{4A45A242-421E-4AEB-9AA5-909A6502B02E}.Debug|Any CPU.Build.0 = Debug|Any CPU
		{4A45A242-421E-4AEB-9AA5-909A6502B02E}.Release|Any CPU.ActiveCfg = Release|Any CPU
		{4A45A242-421E-4AEB-9AA5-909A6502B02E}.Release|Any CPU.Build.0 = Release|Any CPU
		{D8200B98-1C7B-445C-9FCA-2AE1E9F81597}.Debug|Any CPU.ActiveCfg = Debug|Any CPU
		{D8200B98-1C7B-445C-9FCA-2AE1E9F81597}.Debug|Any CPU.Build.0 = Debug|Any CPU
		{D8200B98-1C7B-445C-9FCA-2AE1E9F81597}.Release|Any CPU.ActiveCfg = Release|Any CPU
		{D8200B98-1C7B-445C-9FCA-2AE1E9F81597}.Release|Any CPU.Build.0 = Release|Any CPU
	EndGlobalSection
	GlobalSection(SolutionProperties) = preSolution
		HideSolutionNode = FALSE
	EndGlobalSection
	GlobalSection(NestedProjects) = preSolution
		{5D265929-C8A6-4142-8E09-A241D2C71DE7} = {7D4C9C61-D508-4388-BC22-460999542991}
		{CC074BED-1A49-48FA-9916-BF81DB170DE3} = {7D4C9C61-D508-4388-BC22-460999542991}
		{81AA3285-85E0-4D02-86FA-64A564868393} = {05E51B99-E5CE-420F-9E8E-ED39C9B387D4}
		{43F3F113-8993-440D-8B08-22193F19BA58} = {05E51B99-E5CE-420F-9E8E-ED39C9B387D4}
		{D8966D97-8D0E-43D8-9C5A-3BD8F0EE0B03} = {3757219F-E806-4DE3-9C19-10EFBAC0B6F1}
		{D2C66B4A-C631-41DB-9E8A-20BAE6A8B1E3} = {3757219F-E806-4DE3-9C19-10EFBAC0B6F1}
		{D31B1690-A261-4204-AF56-6F7D7F07D89E} = {8E080439-90E3-4166-A33D-82A7655A0742}
		{F922DCAD-FFE1-4CE7-923A-46CD36AEC817} = {8E080439-90E3-4166-A33D-82A7655A0742}
		{40B8E434-4FDA-4442-9FF3-2363C50088B3} = {0A161CF2-8D6B-4C4F-AD07-E88E27053035}
		{87CC9924-C114-45C0-8B36-25FF0C09A2A3} = {7D4C9C61-D508-4388-BC22-460999542991}
		{DBCFB66A-F781-40A7-8F31-F9BD250872B9} = {8E080439-90E3-4166-A33D-82A7655A0742}
		{D5699973-03F8-42CF-85E6-90E62CA953EC} = {7D4C9C61-D508-4388-BC22-460999542991}
		{8F014011-8E9B-454F-942D-A0939CF9E07F} = {0A161CF2-8D6B-4C4F-AD07-E88E27053035}
		{4A45A242-421E-4AEB-9AA5-909A6502B02E} = {8E080439-90E3-4166-A33D-82A7655A0742}
		{D8200B98-1C7B-445C-9FCA-2AE1E9F81597} = {8E080439-90E3-4166-A33D-82A7655A0742}
	EndGlobalSection
	GlobalSection(ExtensibilityGlobals) = postSolution
		SolutionGuid = {D4E67D23-65C9-44A4-ABF7-17638D5F0264}
	EndGlobalSection
EndGlobal
